{
  "requires": true,
  "lockfileVersion": 1,
  "dependencies": {
    "vue": {
      "version": "2.6.12",
      "resolved": "https://registry.npmjs.org/vue/-/vue-2.6.12.tgz",
      "integrity": "sha512-uhmLFETqPPNyuLLbsKz6ioJ4q7AZHzD8ZVFNATNyICSZouqP2Sz0rotWQC8UNBF6VGSCs5abnKJoStA6JbCbfg=="
    },
    "vue-toastr": {
      "version": "2.1.2",
      "resolved": "https://registry.npmjs.org/vue-toastr/-/vue-toastr-2.1.2.tgz",
      "integrity": "sha512-OomiRJ641K5Zl1/QEwUFg/lBcP7XeVKL044loVtBkGm9oXkm02h3dx13XNcbSXYL/hsqWPO/et5fB0ciU3oaCQ=="
    }
  }
}
