
Microsoft Visual Studio Solution File, Format Version 12.00
# Visual Studio Version 16
VisualStudioVersion = 16.0.30413.136
MinimumVisualStudioVersion = 10.0.40219.1
Project("{FAE04EC0-301F-11D3-BF4B-00C04F79EFBC}") = "UdemyAnimeList.Web", "UdemyAnimeList.Web\UdemyAnimeList.Web.csproj", "{52595266-4BE0-41F4-AE0E-DD1CA2A617D5}"
EndProject
Global
	GlobalSection(SolutionConfigurationPlatforms) = preSolution
		Debug|Any CPU = Debug|Any CPU
		Release|Any CPU = Release|Any CPU
	EndGlobalSection
	GlobalSection(ProjectConfigurationPlatforms) = postSolution
		{52595266-4BE0-41F4-AE0E-DD1CA2A617D5}.Debug|Any CPU.ActiveCfg = Debug|Any CPU
		{52595266-4BE0-41F4-AE0E-DD1CA2A617D5}.Debug|Any CPU.Build.0 = Debug|Any CPU
		{52595266-4BE0-41F4-AE0E-DD1CA2A617D5}.Release|Any CPU.ActiveCfg = Release|Any CPU
		{52595266-4BE0-41F4-AE0E-DD1CA2A617D5}.Release|Any CPU.Build.0 = Release|Any CPU
	EndGlobalSection
	GlobalSection(SolutionProperties) = preSolution
		HideSolutionNode = FALSE
	EndGlobalSection
	GlobalSection(ExtensibilityGlobals) = postSolution
		SolutionGuid = {5486DCF7-8E8C-47DC-AEF2-8D0C2D94BE36}
	EndGlobalSection
EndGlobal
